// !$*UTF8*$!
{
	archiveVersion = 1;
	classes = {
	};
	objectVersion = 50;
	objects = {

/* Begin PBXBuildFile section */
		A071E3DD21AAE93B00A58E3C /* AppDelegate.m in Sources */ = {isa = PBXBuildFile; fileRef = A071E3DC21AAE93B00A58E3C /* AppDelegate.m */; };
		A071E3E021AAE93B00A58E3C /* ViewController.m in Sources */ = {isa = PBXBuildFile; fileRef = A071E3DF21AAE93B00A58E3C /* ViewController.m */; };
		A071E3E321AAE93B00A58E3C /* Main.storyboard in Resources */ = {isa = PBXBuildFile; fileRef = A071E3E121AAE93B00A58E3C /* Main.storyboard */; };
		A071E3E521AAE93C00A58E3C /* Assets.xcassets in Resources */ = {isa = PBXBuildFile; fileRef = A071E3E421AAE93C00A58E3C /* Assets.xcassets */; };
		A071E3E821AAE93C00A58E3C /* LaunchScreen.storyboard in Resources */ = {isa = PBXBuildFile; fileRef = A071E3E621AAE93C00A58E3C /* LaunchScreen.storyboard */; };
		A071E3EB21AAE93C00A58E3C /* main.m in Sources */ = {isa = PBXBuildFile; fileRef = A071E3EA21AAE93C00A58E3C /* main.m */; };
		A071E3F421AAECAC00A58E3C /* BusIngerface.m in Sources */ = {isa = PBXBuildFile; fileRef = A071E3F321AAECAC00A58E3C /* BusIngerface.m */; };
		A071E3F721AAECBD00A58E3C /* BusManager.m in Sources */ = {isa = PBXBuildFile; fileRef = A071E3F621AAECBD00A58E3C /* BusManager.m */; };
		A071E3FA21AAECF400A58E3C /* BusDispatcher.m in Sources */ = {isa = PBXBuildFile; fileRef = A071E3F921AAECF400A58E3C /* BusDispatcher.m */; };
/* End PBXBuildFile section */

/* Begin PBXFileReference section */
		A071E3D821AAE93B00A58E3C /* BusCocoa.app */ = {isa = PBXFileReference; explicitFileType = wrapper.application; includeInIndex = 0; path = BusCocoa.app; sourceTree = BUILT_PRODUCTS_DIR; };
		A071E3DB21AAE93B00A58E3C /* AppDelegate.h */ = {isa = PBXFileReference; lastKnownFileType = sourcecode.c.h; path = AppDelegate.h; sourceTree = "<group>"; };
		A071E3DC21AAE93B00A58E3C /* AppDelegate.m */ = {isa = PBXFileReference; lastKnownFileType = sourcecode.c.objc; path = AppDelegate.m; sourceTree = "<group>"; };
		A071E3DE21AAE93B00A58E3C /* ViewController.h */ = {isa = PBXFileReference; lastKnownFileType = sourcecode.c.h; path = ViewController.h; sourceTree = "<group>"; };
		A071E3DF21AAE93B00A58E3C /* ViewController.m */ = {isa = PBXFileReference; lastKnownFileType = sourcecode.c.objc; path = ViewController.m; sourceTree = "<group>"; };
		A071E3E221AAE93B00A58E3C /* Base */ = {isa = PBXFileReference; lastKnownFileType = file.storyboard; name = Base; path = Base.lproj/Main.storyboard; sourceTree = "<group>"; };
		A071E3E421AAE93C00A58E3C /* Assets.xcassets */ = {isa = PBXFileReference; lastKnownFileType = folder.assetcatalog; path = Assets.xcassets; sourceTree = "<group>"; };
		A071E3E721AAE93C00A58E3C /* Base */ = {isa = PBXFileReference; lastKnownFileType = file.storyboard; name = Base; path = Base.lproj/LaunchScreen.storyboard; sourceTree = "<group>"; };
		A071E3E921AAE93C00A58E3C /* Info.plist */ = {isa = PBXFileReference; lastKnownFileType = text.plist.xml; path = Info.plist; sourceTree = "<group>"; };
		A071E3EA21AAE93C00A58E3C /* main.m */ = {isa = PBXFileReference; lastKnownFileType = sourcecode.c.objc; path = main.m; sourceTree = "<group>"; };
		A071E3F221AAECAC00A58E3C /* BusIngerface.h */ = {isa = PBXFileReference; lastKnownFileType = sourcecode.c.h; path = BusIngerface.h; sourceTree = "<group>"; };
		A071E3F321AAECAC00A58E3C /* BusIngerface.m */ = {isa = PBXFileReference; lastKnownFileType = sourcecode.c.objc; path = BusIngerface.m; sourceTree = "<group>"; };
		A071E3F521AAECBD00A58E3C /* BusManager.h */ = {isa = PBXFileReference; lastKnownFileType = sourcecode.c.h; path = BusManager.h; sourceTree = "<group>"; };
		A071E3F621AAECBD00A58E3C /* BusManager.m */ = {isa = PBXFileReference; lastKnownFileType = sourcecode.c.objc; path = BusManager.m; sourceTree = "<group>"; };
		A071E3F821AAECF400A58E3C /* BusDispatcher.h */ = {isa = PBXFileReference; lastKnownFileType = sourcecode.c.h; path = BusDispatcher.h; sourceTree = "<group>"; };
		A071E3F921AAECF400A58E3C /* BusDispatcher.m */ = {isa = PBXFileReference; lastKnownFileType = sourcecode.c.objc; path = BusDispatcher.m; sourceTree = "<group>"; };
/* End PBXFileReference section */

/* Begin PBXFrameworksBuildPhase section */
		A071E3D521AAE93B00A58E3C /* Frameworks */ = {
			isa = PBXFrameworksBuildPhase;
			buildActionMask = 2147483647;
			files = (
			);
			runOnlyForDeploymentPostprocessing = 0;
		};
/* End PBXFrameworksBuildPhase section */

/* Begin PBXGroup section */
		A071E3CF21AAE93B00A58E3C = {
			isa = PBXGroup;
			children = (
				A071E3DA21AAE93B00A58E3C /* BusCocoa */,
				A071E3D921AAE93B00A58E3C /* Products */,
			);
			sourceTree = "<group>";
		};
		A071E3D921AAE93B00A58E3C /* Products */ = {
			isa = PBXGroup;
			children = (
				A071E3D821AAE93B00A58E3C /* BusCocoa.app */,
			);
			name = Products;
			sourceTree = "<group>";
		};
		A071E3DA21AAE93B00A58E3C /* BusCocoa */ = {
			isa = PBXGroup;
			children = (
				A071E3DB21AAE93B00A58E3C /* AppDelegate.h */,
				A071E3DC21AAE93B00A58E3C /* AppDelegate.m */,
				A071E3F121AAEAFA00A58E3C /* BusCocoa */,
				A071E3DE21AAE93B00A58E3C /* ViewController.h */,
				A071E3DF21AAE93B00A58E3C /* ViewController.m */,
				A071E3E121AAE93B00A58E3C /* Main.storyboard */,
				A071E3E421AAE93C00A58E3C /* Assets.xcassets */,
				A071E3E621AAE93C00A58E3C /* LaunchScreen.storyboard */,
				A071E3E921AAE93C00A58E3C /* Info.plist */,
				A071E3EA21AAE93C00A58E3C /* main.m */,
			);
			path = BusCocoa;
			sourceTree = "<group>";
		};
		A071E3F121AAEAFA00A58E3C /* BusCocoa */ = {
			isa = PBXGroup;
			children = (
				A071E3F221AAECAC00A58E3C /* BusIngerface.h */,
				A071E3F321AAECAC00A58E3C /* BusIngerface.m */,
				A071E3F521AAECBD00A58E3C /* BusManager.h */,
				A071E3F621AAECBD00A58E3C /* BusManager.m */,
				A071E3F821AAECF400A58E3C /* BusDispatcher.h */,
				A071E3F921AAECF400A58E3C /* BusDispatcher.m */,
			);
			path = BusCocoa;
			sourceTree = "<group>";
		};
/* End PBXGroup section */

/* Begin PBXNativeTarget section */
		A071E3D721AAE93B00A58E3C /* BusCocoa */ = {
			isa = PBXNativeTarget;
			buildConfigurationList = A071E3EE21AAE93C00A58E3C /* Build configuration list for PBXNativeTarget "BusCocoa" */;
			buildPhases = (
				A071E3D421AAE93B00A58E3C /* Sources */,
				A071E3D521AAE93B00A58E3C /* Frameworks */,
				A071E3D621AAE93B00A58E3C /* Resources */,
			);
			buildRules = (
			);
			dependencies = (
			);
			name = BusCocoa;
			productName = BusCocoa;
			productReference = A071E3D821AAE93B00A58E3C /* BusCocoa.app */;
			productType = "com.apple.product-type.application";
		};
/* End PBXNativeTarget section */

/* Begin PBXProject section */
		A071E3D021AAE93B00A58E3C /* Project object */ = {
			isa = PBXProject;
			attributes = {
				LastUpgradeCheck = 1010;
				ORGANIZATIONNAME = YanYi;
				TargetAttributes = {
					A071E3D721AAE93B00A58E3C = {
						CreatedOnToolsVersion = 10.1;
					};
				};
			};
			buildConfigurationList = A071E3D321AAE93B00A58E3C /* Build configuration list for PBXProject "BusCocoa" */;
			compatibilityVersion = "Xcode 9.3";
			developmentRegion = en;
			hasScannedForEncodings = 0;
			knownRegions = (
				en,
				Base,
			);
			mainGroup = A071E3CF21AAE93B00A58E3C;
			productRefGroup = A071E3D921AAE93B00A58E3C /* Products */;
			projectDirPath = "";
			projectRoot = "";
			targets = (
				A071E3D721AAE93B00A58E3C /* BusCocoa */,
			);
		};
/* End PBXProject section */

/* Begin PBXResourcesBuildPhase section */
		A071E3D621AAE93B00A58E3C /* Resources */ = {
			isa = PBXResourcesBuildPhase;
			buildActionMask = 2147483647;
			files = (
				A071E3E821AAE93C00A58E3C /* LaunchScreen.storyboard in Resources */,
				A071E3E521AAE93C00A58E3C /* Assets.xcassets in Resources */,
				A071E3E321AAE93B00A58E3C /* Main.storyboard in Resources */,
			);
			runOnlyForDeploymentPostprocessing = 0;
		};
/* End PBXResourcesBuildPhase section */

/* Begin PBXSourcesBuildPhase section */
		A071E3D421AAE93B00A58E3C /* Sources */ = {
			isa = PBXSourcesBuildPhase;
			buildActionMask = 2147483647;
			files = (
				A071E3E021AAE93B00A58E3C /* ViewController.m in Sources */,
				A071E3EB21AAE93C00A58E3C /* main.m in Sources */,
				A071E3DD21AAE93B00A58E3C /* AppDelegate.m in Sources */,
				A071E3FA21AAECF400A58E3C /* BusDispatcher.m in Sources */,
				A071E3F421AAECAC00A58E3C /* BusIngerface.m in Sources */,
				A071E3F721AAECBD00A58E3C /* BusManager.m in Sources */,
			);
			runOnlyForDeploymentPostprocessing = 0;
		};
/* End PBXSourcesBuildPhase section */

/* Begin PBXVariantGroup section */
		A071E3E121AAE93B00A58E3C /* Main.storyboard */ = {
			isa = PBXVariantGroup;
			children = (
				A071E3E221AAE93B00A58E3C /* Base */,
			);
			name = Main.storyboard;
			sourceTree = "<group>";
		};
		A071E3E621AAE93C00A58E3C /* LaunchScreen.storyboard */ = {
			isa = PBXVariantGroup;
			children = (
				A071E3E721AAE93C00A58E3C /* Base */,
			);
			name = LaunchScreen.storyboard;
			sourceTree = "<group>";
		};
/* End PBXVariantGroup section */

/* Begin XCBuildConfiguration section */
		A071E3EC21AAE93C00A58E3C /* Debug */ = {
			isa = XCBuildConfiguration;
			buildSettings = {
				ALWAYS_SEARCH_USER_PATHS = NO;
				CLANG_ANALYZER_NONNULL = YES;
				CLANG_ANALYZER_NUMBER_OBJECT_CONVERSION = YES_AGGRESSIVE;
				CLANG_CXX_LANGUAGE_STANDARD = "gnu++14";
				CLANG_CXX_LIBRARY = "libc++";
				CLANG_ENABLE_MODULES = YES;
				CLANG_ENABLE_OBJC_ARC = YES;
				CLANG_ENABLE_OBJC_WEAK = YES;
				CLANG_WARN_BLOCK_CAPTURE_AUTORELEASING = YES;
				CLANG_WARN_BOOL_CONVERSION = YES;
				CLANG_WARN_COMMA = YES;
				CLANG_WARN_CONSTANT_CONVERSION = YES;
				CLANG_WARN_DEPRECATED_OBJC_IMPLEMENTATIONS = YES;
				CLANG_WARN_DIRECT_OBJC_ISA_USAGE = YES_ERROR;
				CLANG_WARN_DOCUMENTATION_COMMENTS = YES;
				CLANG_WARN_EMPTY_BODY = YES;
				CLANG_WARN_ENUM_CONVERSION = YES;
				CLANG_WARN_INFINITE_RECURSION = YES;
				CLANG_WARN_INT_CONVERSION = YES;
				CLANG_WARN_NON_LITERAL_NULL_CONVERSION = YES;
				CLANG_WARN_OBJC_IMPLICIT_RETAIN_SELF = YES;
				CLANG_WARN_OBJC_LITERAL_CONVERSION = YES;
				CLANG_WARN_OBJC_ROOT_CLASS = YES_ERROR;
				CLANG_WARN_RANGE_LOOP_ANALYSIS = YES;
				CLANG_WARN_STRICT_PROTOTYPES = YES;
				CLANG_WARN_SUSPICIOUS_MOVE = YES;
				CLANG_WARN_UNGUARDED_AVAILABILITY = YES_AGGRESSIVE;
				CLANG_WARN_UNREACHABLE_CODE = YES;
				CLANG_WARN__DUPLICATE_METHOD_MATCH = YES;
				CODE_SIGN_IDENTITY = "iPhone Developer";
				COPY_PHASE_STRIP = NO;
				DEBUG_INFORMATION_FORMAT = dwarf;
				ENABLE_STRICT_OBJC_MSGSEND = YES;
				ENABLE_TESTABILITY = YES;
				GCC_C_LANGUAGE_STANDARD = gnu11;
				GCC_DYNAMIC_NO_PIC = NO;
				GCC_NO_COMMON_BLOCKS = YES;
				GCC_OPTIMIZATION_LEVEL = 0;
				GCC_PREPROCESSOR_DEFINITIONS = (
					"DEBUG=1",
					"$(inherited)",
				);
				GCC_WARN_64_TO_32_BIT_CONVERSION = YES;
				GCC_WARN_ABOUT_RETURN_TYPE = YES_ERROR;
				GCC_WARN_UNDECLARED_SELECTOR = YES;
				GCC_WARN_UNINITIALIZED_AUTOS = YES_AGGRESSIVE;
				GCC_WARN_UNUSED_FUNCTION = YES;
				GCC_WARN_UNUSED_VARIABLE = YES;
				IPHONEOS_DEPLOYMENT_TARGET = 12.1;
				MTL_ENABLE_DEBUG_INFO = INCLUDE_SOURCE;
				MTL_FAST_MATH = YES;
				ONLY_ACTIVE_ARCH = YES;
				SDKROOT = iphoneos;
			};
			name = Debug;
		};
		A071E3ED21AAE93C00A58E3C /* Release */ = {
			isa = XCBuildConfiguration;
			buildSettings = {
				ALWAYS_SEARCH_USER_PATHS = NO;
				CLANG_ANALYZER_NONNULL = YES;
				CLANG_ANALYZER_NUMBER_OBJECT_CONVERSION = YES_AGGRESSIVE;
				CLANG_CXX_LANGUAGE_STANDARD = "gnu++14";
				CLANG_CXX_LIBRARY = "libc++";
				CLANG_ENABLE_MODULES = YES;
				CLANG_ENABLE_OBJC_ARC = YES;
				CLANG_ENABLE_OBJC_WEAK = YES;
				CLANG_WARN_BLOCK_CAPTURE_AUTORELEASING = YES;
				CLANG_WARN_BOOL_CONVERSION = YES;
				CLANG_WARN_COMMA = YES;
				CLANG_WARN_CONSTANT_CONVERSION = YES;
				CLANG_WARN_DEPRECATED_OBJC_IMPLEMENTATIONS = YES;
				CLANG_WARN_DIRECT_OBJC_ISA_USAGE = YES_ERROR;
				CLANG_WARN_DOCUMENTATION_COMMENTS = YES;
				CLANG_WARN_EMPTY_BODY = YES;
				CLANG_WARN_ENUM_CONVERSION = YES;
				CLANG_WARN_INFINITE_RECURSION = YES;
				CLANG_WARN_INT_CONVERSION = YES;
				CLANG_WARN_NON_LITERAL_NULL_CONVERSION = YES;
				CLANG_WARN_OBJC_IMPLICIT_RETAIN_SELF = YES;
				CLANG_WARN_OBJC_LITERAL_CONVERSION = YES;
				CLANG_WARN_OBJC_ROOT_CLASS = YES_ERROR;
				CLANG_WARN_RANGE_LOOP_ANALYSIS = YES;
				CLANG_WARN_STRICT_PROTOTYPES = YES;
				CLANG_WARN_SUSPICIOUS_MOVE = YES;
				CLANG_WARN_UNGUARDED_AVAILABILITY = YES_AGGRESSIVE;
				CLANG_WARN_UNREACHABLE_CODE = YES;
				CLANG_WARN__DUPLICATE_METHOD_MATCH = YES;
				CODE_SIGN_IDENTITY = "iPhone Developer";
				COPY_PHASE_STRIP = NO;
				DEBUG_INFORMATION_FORMAT = "dwarf-with-dsym";
				ENABLE_NS_ASSERTIONS = NO;
				ENABLE_STRICT_OBJC_MSGSEND = YES;
				GCC_C_LANGUAGE_STANDARD = gnu11;
				GCC_NO_COMMON_BLOCKS = YES;
				GCC_WARN_64_TO_32_BIT_CONVERSION = YES;
				GCC_WARN_ABOUT_RETURN_TYPE = YES_ERROR;
				GCC_WARN_UNDECLARED_SELECTOR = YES;
				GCC_WARN_UNINITIALIZED_AUTOS = YES_AGGRESSIVE;
				GCC_WARN_UNUSED_FUNCTION = YES;
				GCC_WARN_UNUSED_VARIABLE = YES;
				IPHONEOS_DEPLOYMENT_TARGET = 12.1;
				MTL_ENABLE_DEBUG_INFO = NO;
				MTL_FAST_MATH = YES;
				SDKROOT = iphoneos;
				VALIDATE_PRODUCT = YES;
			};
			name = Release;
		};
		A071E3EF21AAE93C00A58E3C /* Debug */ = {
			isa = XCBuildConfiguration;
			buildSettings = {
				ASSETCATALOG_COMPILER_APPICON_NAME = AppIcon;
				CODE_SIGN_STYLE = Automatic;
				DEVELOPMENT_TEAM = G9NZM62PV6;
				INFOPLIST_FILE = BusCocoa/Info.plist;
				LD_RUNPATH_SEARCH_PATHS = (
					"$(inherited)",
					"@executable_path/Frameworks",
				);
				PRODUCT_BUNDLE_IDENTIFIER = com.YanYi.BusCocoa;
				PRODUCT_NAME = "$(TARGET_NAME)";
				TARGETED_DEVICE_FAMILY = "1,2";
			};
			name = Debug;
		};
		A071E3F021AAE93C00A58E3C /* Release */ = {
			isa = XCBuildConfiguration;
			buildSettings = {
				ASSETCATALOG_COMPILER_APPICON_NAME = AppIcon;
				CODE_SIGN_STYLE = Automatic;
				DEVELOPMENT_TEAM = G9NZM62PV6;
				INFOPLIST_FILE = BusCocoa/Info.plist;
				LD_RUNPATH_SEARCH_PATHS = (
					"$(inherited)",
					"@executable_path/Frameworks",
				);
				PRODUCT_BUNDLE_IDENTIFIER = com.YanYi.BusCocoa;
				PRODUCT_NAME = "$(TARGET_NAME)";
				TARGETED_DEVICE_FAMILY = "1,2";
			};
			name = Release;
		};
/* End XCBuildConfiguration section */

/* Begin XCConfigurationList section */
		A071E3D321AAE93B00A58E3C /* Build configuration list for PBXProject "BusCocoa" */ = {
			isa = XCConfigurationList;
			buildConfigurations = (
				A071E3EC21AAE93C00A58E3C /* Debug */,
				A071E3ED21AAE93C00A58E3C /* Release */,
			);
			defaultConfigurationIsVisible = 0;
			defaultConfigurationName = Release;
		};
		A071E3EE21AAE93C00A58E3C /* Build configuration list for PBXNativeTarget "BusCocoa" */ = {
			isa = XCConfigurationList;
			buildConfigurations = (
				A071E3EF21AAE93C00A58E3C /* Debug */,
				A071E3F021AAE93C00A58E3C /* Release */,
			);
			defaultConfigurationIsVisible = 0;
			defaultConfigurationName = Release;
		};
/* End XCConfigurationList section */
	};
	rootObject = A071E3D021AAE93B00A58E3C /* Project object */;
}
